
Microsoft Visual Studio Solution File, Format Version 12.00
# Visual Studio Version 17
VisualStudioVersion = 17.14.36119.2
MinimumVisualStudioVersion = 10.0.40219.1
Project("{FAE04EC0-301F-11D3-BF4B-00C04F79EFBC}") = "paint", "paint.csproj", "{349F6D68-0128-4AEC-9F6D-A9A1E44C9CB2}"
EndProject
Project("{FAE04EC0-301F-11D3-BF4B-00C04F79EFBC}") = "Paint.Tests", "..\Paint.Tests\Paint.Tests.csproj", "{D5F47129-0F2E-4A34-9F5B-A9C4CA4AD3F4}"
EndProject
Global
	GlobalSection(SolutionConfigurationPlatforms) = preSolution
		Debug|Any CPU = Debug|Any CPU
		Release|Any CPU = Release|Any CPU
	EndGlobalSection
	GlobalSection(ProjectConfigurationPlatforms) = postSolution
		{349F6D68-0128-4AEC-9F6D-A9A1E44C9CB2}.Debug|Any CPU.ActiveCfg = Debug|Any CPU
		{349F6D68-0128-4AEC-9F6D-A9A1E44C9CB2}.Debug|Any CPU.Build.0 = Debug|Any CPU
		{349F6D68-0128-4AEC-9F6D-A9A1E44C9CB2}.Release|Any CPU.ActiveCfg = Release|Any CPU
		{349F6D68-0128-4AEC-9F6D-A9A1E44C9CB2}.Release|Any CPU.Build.0 = Release|Any CPU
		{D5F47129-0F2E-4A34-9F5B-A9C4CA4AD3F4}.Debug|Any CPU.ActiveCfg = Debug|Any CPU
		{D5F47129-0F2E-4A34-9F5B-A9C4CA4AD3F4}.Debug|Any CPU.Build.0 = Debug|Any CPU
		{D5F47129-0F2E-4A34-9F5B-A9C4CA4AD3F4}.Release|Any CPU.ActiveCfg = Release|Any CPU
		{D5F47129-0F2E-4A34-9F5B-A9C4CA4AD3F4}.Release|Any CPU.Build.0 = Release|Any CPU
	EndGlobalSection
	GlobalSection(SolutionProperties) = preSolution
		HideSolutionNode = FALSE
	EndGlobalSection
	GlobalSection(ExtensibilityGlobals) = postSolution
		SolutionGuid = {F075AD67-ED89-47FA-8DF7-340512C964AD}
	EndGlobalSection
EndGlobal
